
Microsoft Visual Studio Solution File, Format Version 12.00
# Visual Studio Version 16
VisualStudioVersion = 16.0.30406.217
MinimumVisualStudioVersion = 10.0.40219.1
Project("{FAE04EC0-301F-11D3-BF4B-00C04F79EFBC}") = "August12application", "August12application.csproj", "{A9971AD0-4C60-4096-85EF-F59E31BBD652}"
EndProject
Global
	GlobalSection(SolutionConfigurationPlatforms) = preSolution
		Debug|Any CPU = Debug|Any CPU
		Release|Any CPU = Release|Any CPU
	EndGlobalSection
	GlobalSection(ProjectConfigurationPlatforms) = postSolution
		{A9971AD0-4C60-4096-85EF-F59E31BBD652}.Debug|Any CPU.ActiveCfg = Debug|Any CPU
		{A9971AD0-4C60-4096-85EF-F59E31BBD652}.Debug|Any CPU.Build.0 = Debug|Any CPU
		{A9971AD0-4C60-4096-85EF-F59E31BBD652}.Release|Any CPU.ActiveCfg = Release|Any CPU
		{A9971AD0-4C60-4096-85EF-F59E31BBD652}.Release|Any CPU.Build.0 = Release|Any CPU
	EndGlobalSection
	GlobalSection(SolutionProperties) = preSolution
		HideSolutionNode = FALSE
	EndGlobalSection
	GlobalSection(ExtensibilityGlobals) = postSolution
		SolutionGuid = {ACBCBC97-16A4-42A2-8508-26F014329A00}
	EndGlobalSection
EndGlobal
